
Microsoft Visual Studio Solution File, Format Version 12.00
Project("{FAE04EC0-301F-11D3-BF4B-00C04F79EFBC}") = "KompasPluginAxe.UI", "KompasPluginAxe.UI\KompasPluginAxe.UI.csproj", "{BA436AFA-7CA9-46E9-B775-85BF0D2E5C3B}"
EndProject
Project("{FAE04EC0-301F-11D3-BF4B-00C04F79EFBC}") = "KompasPluginAxe.Core", "KompasPluginAxe.Core\KompasPluginAxe.Core.csproj", "{3ECB18E7-9815-4CF6-B45C-FD248FEE0857}"
EndProject
Global
	GlobalSection(SolutionConfigurationPlatforms) = preSolution
		Debug|Any CPU = Debug|Any CPU
		Release|Any CPU = Release|Any CPU
	EndGlobalSection
	GlobalSection(ProjectConfigurationPlatforms) = postSolution
		{BA436AFA-7CA9-46E9-B775-85BF0D2E5C3B}.Debug|Any CPU.ActiveCfg = Debug|Any CPU
		{BA436AFA-7CA9-46E9-B775-85BF0D2E5C3B}.Debug|Any CPU.Build.0 = Debug|Any CPU
		{BA436AFA-7CA9-46E9-B775-85BF0D2E5C3B}.Release|Any CPU.ActiveCfg = Release|Any CPU
		{BA436AFA-7CA9-46E9-B775-85BF0D2E5C3B}.Release|Any CPU.Build.0 = Release|Any CPU
		{3ECB18E7-9815-4CF6-B45C-FD248FEE0857}.Debug|Any CPU.ActiveCfg = Debug|Any CPU
		{3ECB18E7-9815-4CF6-B45C-FD248FEE0857}.Debug|Any CPU.Build.0 = Debug|Any CPU
		{3ECB18E7-9815-4CF6-B45C-FD248FEE0857}.Release|Any CPU.ActiveCfg = Release|Any CPU
		{3ECB18E7-9815-4CF6-B45C-FD248FEE0857}.Release|Any CPU.Build.0 = Release|Any CPU
	EndGlobalSection
EndGlobal
